// !$*UTF8*$!
{
	archiveVersion = 1;
	classes = {
	};
	objectVersion = 46;
	objects = {

/* Begin PBXBuildFile section */
		1E4F42FD1EF1D94D008580D2 /* AppDelegate.swift in Sources */ = {isa = PBXBuildFile; fileRef = 1E4F42FC1EF1D94D008580D2 /* AppDelegate.swift */; };
		1E4F42FF1EF1D94D008580D2 /* ViewController.swift in Sources */ = {isa = PBXBuildFile; fileRef = 1E4F42FE1EF1D94D008580D2 /* ViewController.swift */; };
		1E4F43021EF1D94D008580D2 /* Main.storyboard in Resources */ = {isa = PBXBuildFile; fileRef = 1E4F43001EF1D94D008580D2 /* Main.storyboard */; };
		1E4F43041EF1D94D008580D2 /* Assets.xcassets in Resources */ = {isa = PBXBuildFile; fileRef = 1E4F43031EF1D94D008580D2 /* Assets.xcassets */; };
		1E4F43071EF1D94D008580D2 /* LaunchScreen.storyboard in Resources */ = {isa = PBXBuildFile; fileRef = 1E4F43051EF1D94D008580D2 /* LaunchScreen.storyboard */; };
		1E4F43121EF1D94E008580D2 /* Averages_CalculatorTests.swift in Sources */ = {isa = PBXBuildFile; fileRef = 1E4F43111EF1D94E008580D2 /* Averages_CalculatorTests.swift */; };
		1E4F431D1EF1D94E008580D2 /* Averages_CalculatorUITests.swift in Sources */ = {isa = PBXBuildFile; fileRef = 1E4F431C1EF1D94E008580D2 /* Averages_CalculatorUITests.swift */; };
/* End PBXBuildFile section */

/* Begin PBXContainerItemProxy section */
		1E4F430E1EF1D94E008580D2 /* PBXContainerItemProxy */ = {
			isa = PBXContainerItemProxy;
			containerPortal = 1E4F42F11EF1D94D008580D2 /* Project object */;
			proxyType = 1;
			remoteGlobalIDString = 1E4F42F81EF1D94D008580D2;
			remoteInfo = "Averages Calculator";
		};
		1E4F43191EF1D94E008580D2 /* PBXContainerItemProxy */ = {
			isa = PBXContainerItemProxy;
			containerPortal = 1E4F42F11EF1D94D008580D2 /* Project object */;
			proxyType = 1;
			remoteGlobalIDString = 1E4F42F81EF1D94D008580D2;
			remoteInfo = "Averages Calculator";
		};
/* End PBXContainerItemProxy section */

/* Begin PBXFileReference section */
		1E4F42F91EF1D94D008580D2 /* Averages Calculator.app */ = {isa = PBXFileReference; explicitFileType = wrapper.application; includeInIndex = 0; path = "Averages Calculator.app"; sourceTree = BUILT_PRODUCTS_DIR; };
		1E4F42FC1EF1D94D008580D2 /* AppDelegate.swift */ = {isa = PBXFileReference; lastKnownFileType = sourcecode.swift; path = AppDelegate.swift; sourceTree = "<group>"; };
		1E4F42FE1EF1D94D008580D2 /* ViewController.swift */ = {isa = PBXFileReference; lastKnownFileType = sourcecode.swift; path = ViewController.swift; sourceTree = "<group>"; };
		1E4F43011EF1D94D008580D2 /* Base */ = {isa = PBXFileReference; lastKnownFileType = file.storyboard; name = Base; path = Base.lproj/Main.storyboard; sourceTree = "<group>"; };
		1E4F43031EF1D94D008580D2 /* Assets.xcassets */ = {isa = PBXFileReference; lastKnownFileType = folder.assetcatalog; path = Assets.xcassets; sourceTree = "<group>"; };
		1E4F43061EF1D94D008580D2 /* Base */ = {isa = PBXFileReference; lastKnownFileType = file.storyboard; name = Base; path = Base.lproj/LaunchScreen.storyboard; sourceTree = "<group>"; };
		1E4F43081EF1D94D008580D2 /* Info.plist */ = {isa = PBXFileReference; lastKnownFileType = text.plist.xml; path = Info.plist; sourceTree = "<group>"; };
		1E4F430D1EF1D94E008580D2 /* Averages CalculatorTests.xctest */ = {isa = PBXFileReference; explicitFileType = wrapper.cfbundle; includeInIndex = 0; path = "Averages CalculatorTests.xctest"; sourceTree = BUILT_PRODUCTS_DIR; };
		1E4F43111EF1D94E008580D2 /* Averages_CalculatorTests.swift */ = {isa = PBXFileReference; lastKnownFileType = sourcecode.swift; path = Averages_CalculatorTests.swift; sourceTree = "<group>"; };
		1E4F43131EF1D94E008580D2 /* Info.plist */ = {isa = PBXFileReference; lastKnownFileType = text.plist.xml; path = Info.plist; sourceTree = "<group>"; };
		1E4F43181EF1D94E008580D2 /* Averages CalculatorUITests.xctest */ = {isa = PBXFileReference; explicitFileType = wrapper.cfbundle; includeInIndex = 0; path = "Averages CalculatorUITests.xctest"; sourceTree = BUILT_PRODUCTS_DIR; };
		1E4F431C1EF1D94E008580D2 /* Averages_CalculatorUITests.swift */ = {isa = PBXFileReference; lastKnownFileType = sourcecode.swift; path = Averages_CalculatorUITests.swift; sourceTree = "<group>"; };
		1E4F431E1EF1D94E008580D2 /* Info.plist */ = {isa = PBXFileReference; lastKnownFileType = text.plist.xml; path = Info.plist; sourceTree = "<group>"; };
/* End PBXFileReference section */

/* Begin PBXFrameworksBuildPhase section */
		1E4F42F61EF1D94D008580D2 /* Frameworks */ = {
			isa = PBXFrameworksBuildPhase;
			buildActionMask = 2147483647;
			files = (
			);
			runOnlyForDeploymentPostprocessing = 0;
		};
		1E4F430A1EF1D94E008580D2 /* Frameworks */ = {
			isa = PBXFrameworksBuildPhase;
			buildActionMask = 2147483647;
			files = (
			);
			runOnlyForDeploymentPostprocessing = 0;
		};
		1E4F43151EF1D94E008580D2 /* Frameworks */ = {
			isa = PBXFrameworksBuildPhase;
			buildActionMask = 2147483647;
			files = (
			);
			runOnlyForDeploymentPostprocessing = 0;
		};
/* End PBXFrameworksBuildPhase section */

/* Begin PBXGroup section */
		1E4F42F01EF1D94D008580D2 = {
			isa = PBXGroup;
			children = (
				1E4F42FB1EF1D94D008580D2 /* Averages Calculator */,
				1E4F43101EF1D94E008580D2 /* Averages CalculatorTests */,
				1E4F431B1EF1D94E008580D2 /* Averages CalculatorUITests */,
				1E4F42FA1EF1D94D008580D2 /* Products */,
			);
			sourceTree = "<group>";
		};
		1E4F42FA1EF1D94D008580D2 /* Products */ = {
			isa = PBXGroup;
			children = (
				1E4F42F91EF1D94D008580D2 /* Averages Calculator.app */,
				1E4F430D1EF1D94E008580D2 /* Averages CalculatorTests.xctest */,
				1E4F43181EF1D94E008580D2 /* Averages CalculatorUITests.xctest */,
			);
			name = Products;
			sourceTree = "<group>";
		};
		1E4F42FB1EF1D94D008580D2 /* Averages Calculator */ = {
			isa = PBXGroup;
			children = (
				1E4F42FC1EF1D94D008580D2 /* AppDelegate.swift */,
				1E4F42FE1EF1D94D008580D2 /* ViewController.swift */,
				1E4F43001EF1D94D008580D2 /* Main.storyboard */,
				1E4F43031EF1D94D008580D2 /* Assets.xcassets */,
				1E4F43051EF1D94D008580D2 /* LaunchScreen.storyboard */,
				1E4F43081EF1D94D008580D2 /* Info.plist */,
			);
			path = "Averages Calculator";
			sourceTree = "<group>";
		};
		1E4F43101EF1D94E008580D2 /* Averages CalculatorTests */ = {
			isa = PBXGroup;
			children = (
				1E4F43111EF1D94E008580D2 /* Averages_CalculatorTests.swift */,
				1E4F43131EF1D94E008580D2 /* Info.plist */,
			);
			path = "Averages CalculatorTests";
			sourceTree = "<group>";
		};
		1E4F431B1EF1D94E008580D2 /* Averages CalculatorUITests */ = {
			isa = PBXGroup;
			children = (
				1E4F431C1EF1D94E008580D2 /* Averages_CalculatorUITests.swift */,
				1E4F431E1EF1D94E008580D2 /* Info.plist */,
			);
			path = "Averages CalculatorUITests";
			sourceTree = "<group>";
		};
/* End PBXGroup section */

/* Begin PBXNativeTarget section */
		1E4F42F81EF1D94D008580D2 /* Averages Calculator */ = {
			isa = PBXNativeTarget;
			buildConfigurationList = 1E4F43211EF1D94E008580D2 /* Build configuration list for PBXNativeTarget "Averages Calculator" */;
			buildPhases = (
				1E4F42F51EF1D94D008580D2 /* Sources */,
				1E4F42F61EF1D94D008580D2 /* Frameworks */,
				1E4F42F71EF1D94D008580D2 /* Resources */,
			);
			buildRules = (
			);
			dependencies = (
			);
			name = "Averages Calculator";
			productName = "Averages Calculator";
			productReference = 1E4F42F91EF1D94D008580D2 /* Averages Calculator.app */;
			productType = "com.apple.product-type.application";
		};
		1E4F430C1EF1D94E008580D2 /* Averages CalculatorTests */ = {
			isa = PBXNativeTarget;
			buildConfigurationList = 1E4F43241EF1D94E008580D2 /* Build configuration list for PBXNativeTarget "Averages CalculatorTests" */;
			buildPhases = (
				1E4F43091EF1D94E008580D2 /* Sources */,
				1E4F430A1EF1D94E008580D2 /* Frameworks */,
				1E4F430B1EF1D94E008580D2 /* Resources */,
			);
			buildRules = (
			);
			dependencies = (
				1E4F430F1EF1D94E008580D2 /* PBXTargetDependency */,
			);
			name = "Averages CalculatorTests";
			productName = "Averages CalculatorTests";
			productReference = 1E4F430D1EF1D94E008580D2 /* Averages CalculatorTests.xctest */;
			productType = "com.apple.product-type.bundle.unit-test";
		};
		1E4F43171EF1D94E008580D2 /* Averages CalculatorUITests */ = {
			isa = PBXNativeTarget;
			buildConfigurationList = 1E4F43271EF1D94E008580D2 /* Build configuration list for PBXNativeTarget "Averages CalculatorUITests" */;
			buildPhases = (
				1E4F43141EF1D94E008580D2 /* Sources */,
				1E4F43151EF1D94E008580D2 /* Frameworks */,
				1E4F43161EF1D94E008580D2 /* Resources */,
			);
			buildRules = (
			);
			dependencies = (
				1E4F431A1EF1D94E008580D2 /* PBXTargetDependency */,
			);
			name = "Averages CalculatorUITests";
			productName = "Averages CalculatorUITests";
			productReference = 1E4F43181EF1D94E008580D2 /* Averages CalculatorUITests.xctest */;
			productType = "com.apple.product-type.bundle.ui-testing";
		};
/* End PBXNativeTarget section */

/* Begin PBXProject section */
		1E4F42F11EF1D94D008580D2 /* Project object */ = {
			isa = PBXProject;
			attributes = {
				LastSwiftUpdateCheck = 0830;
				LastUpgradeCheck = 0830;
				ORGANIZATIONNAME = "Dragon King Industries";
				TargetAttributes = {
					1E4F42F81EF1D94D008580D2 = {
						CreatedOnToolsVersion = 8.3.3;
						DevelopmentTeam = 4Y9ZD4U6J6;
						ProvisioningStyle = Automatic;
					};
					1E4F430C1EF1D94E008580D2 = {
						CreatedOnToolsVersion = 8.3.3;
						ProvisioningStyle = Automatic;
						TestTargetID = 1E4F42F81EF1D94D008580D2;
					};
					1E4F43171EF1D94E008580D2 = {
						CreatedOnToolsVersion = 8.3.3;
						ProvisioningStyle = Automatic;
						TestTargetID = 1E4F42F81EF1D94D008580D2;
					};
				};
			};
			buildConfigurationList = 1E4F42F41EF1D94D008580D2 /* Build configuration list for PBXProject "Averages Calculator" */;
			compatibilityVersion = "Xcode 3.2";
			developmentRegion = English;
			hasScannedForEncodings = 0;
			knownRegions = (
				en,
				Base,
			);
			mainGroup = 1E4F42F01EF1D94D008580D2;
			productRefGroup = 1E4F42FA1EF1D94D008580D2 /* Products */;
			projectDirPath = "";
			projectRoot = "";
			targets = (
				1E4F42F81EF1D94D008580D2 /* Averages Calculator */,
				1E4F430C1EF1D94E008580D2 /* Averages CalculatorTests */,
				1E4F43171EF1D94E008580D2 /* Averages CalculatorUITests */,
			);
		};
/* End PBXProject section */

/* Begin PBXResourcesBuildPhase section */
		1E4F42F71EF1D94D008580D2 /* Resources */ = {
			isa = PBXResourcesBuildPhase;
			buildActionMask = 2147483647;
			files = (
				1E4F43071EF1D94D008580D2 /* LaunchScreen.storyboard in Resources */,
				1E4F43041EF1D94D008580D2 /* Assets.xcassets in Resources */,
				1E4F43021EF1D94D008580D2 /* Main.storyboard in Resources */,
			);
			runOnlyForDeploymentPostprocessing = 0;
		};
		1E4F430B1EF1D94E008580D2 /* Resources */ = {
			isa = PBXResourcesBuildPhase;
			buildActionMask = 2147483647;
			files = (
			);
			runOnlyForDeploymentPostprocessing = 0;
		};
		1E4F43161EF1D94E008580D2 /* Resources */ = {
			isa = PBXResourcesBuildPhase;
			buildActionMask = 2147483647;
			files = (
			);
			runOnlyForDeploymentPostprocessing = 0;
		};
/* End PBXResourcesBuildPhase section */

/* Begin PBXSourcesBuildPhase section */
		1E4F42F51EF1D94D008580D2 /* Sources */ = {
			isa = PBXSourcesBuildPhase;
			buildActionMask = 2147483647;
			files = (
				1E4F42FF1EF1D94D008580D2 /* ViewController.swift in Sources */,
				1E4F42FD1EF1D94D008580D2 /* AppDelegate.swift in Sources */,
			);
			runOnlyForDeploymentPostprocessing = 0;
		};
		1E4F43091EF1D94E008580D2 /* Sources */ = {
			isa = PBXSourcesBuildPhase;
			buildActionMask = 2147483647;
			files = (
				1E4F43121EF1D94E008580D2 /* Averages_CalculatorTests.swift in Sources */,
			);
			runOnlyForDeploymentPostprocessing = 0;
		};
		1E4F43141EF1D94E008580D2 /* Sources */ = {
			isa = PBXSourcesBuildPhase;
			buildActionMask = 2147483647;
			files = (
				1E4F431D1EF1D94E008580D2 /* Averages_CalculatorUITests.swift in Sources */,
			);
			runOnlyForDeploymentPostprocessing = 0;
		};
/* End PBXSourcesBuildPhase section */

/* Begin PBXTargetDependency section */
		1E4F430F1EF1D94E008580D2 /* PBXTargetDependency */ = {
			isa = PBXTargetDependency;
			target = 1E4F42F81EF1D94D008580D2 /* Averages Calculator */;
			targetProxy = 1E4F430E1EF1D94E008580D2 /* PBXContainerItemProxy */;
		};
		1E4F431A1EF1D94E008580D2 /* PBXTargetDependency */ = {
			isa = PBXTargetDependency;
			target = 1E4F42F81EF1D94D008580D2 /* Averages Calculator */;
			targetProxy = 1E4F43191EF1D94E008580D2 /* PBXContainerItemProxy */;
		};
/* End PBXTargetDependency section */

/* Begin PBXVariantGroup section */
		1E4F43001EF1D94D008580D2 /* Main.storyboard */ = {
			isa = PBXVariantGroup;
			children = (
				1E4F43011EF1D94D008580D2 /* Base */,
			);
			name = Main.storyboard;
			sourceTree = "<group>";
		};
		1E4F43051EF1D94D008580D2 /* LaunchScreen.storyboard */ = {
			isa = PBXVariantGroup;
			children = (
				1E4F43061EF1D94D008580D2 /* Base */,
			);
			name = LaunchScreen.storyboard;
			sourceTree = "<group>";
		};
/* End PBXVariantGroup section */

/* Begin XCBuildConfiguration section */
		1E4F431F1EF1D94E008580D2 /* Debug */ = {
			isa = XCBuildConfiguration;
			buildSettings = {
				ALWAYS_SEARCH_USER_PATHS = NO;
				CLANG_ANALYZER_NONNULL = YES;
				CLANG_ANALYZER_NUMBER_OBJECT_CONVERSION = YES_AGGRESSIVE;
				CLANG_CXX_LANGUAGE_STANDARD = "gnu++0x";
				CLANG_CXX_LIBRARY = "libc++";
				CLANG_ENABLE_MODULES = YES;
				CLANG_ENABLE_OBJC_ARC = YES;
				CLANG_WARN_BOOL_CONVERSION = YES;
				CLANG_WARN_CONSTANT_CONVERSION = YES;
				CLANG_WARN_DIRECT_OBJC_ISA_USAGE = YES_ERROR;
				CLANG_WARN_DOCUMENTATION_COMMENTS = YES;
				CLANG_WARN_EMPTY_BODY = YES;
				CLANG_WARN_ENUM_CONVERSION = YES;
				CLANG_WARN_INFINITE_RECURSION = YES;
				CLANG_WARN_INT_CONVERSION = YES;
				CLANG_WARN_OBJC_ROOT_CLASS = YES_ERROR;
				CLANG_WARN_SUSPICIOUS_MOVE = YES;
				CLANG_WARN_UNREACHABLE_CODE = YES;
				CLANG_WARN__DUPLICATE_METHOD_MATCH = YES;
				"CODE_SIGN_IDENTITY[sdk=iphoneos*]" = "iPhone Developer";
				COPY_PHASE_STRIP = NO;
				DEBUG_INFORMATION_FORMAT = dwarf;
				ENABLE_STRICT_OBJC_MSGSEND = YES;
				ENABLE_TESTABILITY = YES;
				GCC_C_LANGUAGE_STANDARD = gnu99;
				GCC_DYNAMIC_NO_PIC = NO;
				GCC_NO_COMMON_BLOCKS = YES;
				GCC_OPTIMIZATION_LEVEL = 0;
				GCC_PREPROCESSOR_DEFINITIONS = (
					"DEBUG=1",
					"$(inherited)",
				);
				GCC_WARN_64_TO_32_BIT_CONVERSION = YES;
				GCC_WARN_ABOUT_RETURN_TYPE = YES_ERROR;
				GCC_WARN_UNDECLARED_SELECTOR = YES;
				GCC_WARN_UNINITIALIZED_AUTOS = YES_AGGRESSIVE;
				GCC_WARN_UNUSED_FUNCTION = YES;
				GCC_WARN_UNUSED_VARIABLE = YES;
				IPHONEOS_DEPLOYMENT_TARGET = 10.3;
				MTL_ENABLE_DEBUG_INFO = YES;
				ONLY_ACTIVE_ARCH = YES;
				SDKROOT = iphoneos;
				SWIFT_ACTIVE_COMPILATION_CONDITIONS = DEBUG;
				SWIFT_OPTIMIZATION_LEVEL = "-Onone";
				TARGETED_DEVICE_FAMILY = "1,2";
			};
			name = Debug;
		};
		1E4F43201EF1D94E008580D2 /* Release */ = {
			isa = XCBuildConfiguration;
			buildSettings = {
				ALWAYS_SEARCH_USER_PATHS = NO;
				CLANG_ANALYZER_NONNULL = YES;
				CLANG_ANALYZER_NUMBER_OBJECT_CONVERSION = YES_AGGRESSIVE;
				CLANG_CXX_LANGUAGE_STANDARD = "gnu++0x";
				CLANG_CXX_LIBRARY = "libc++";
				CLANG_ENABLE_MODULES = YES;
				CLANG_ENABLE_OBJC_ARC = YES;
				CLANG_WARN_BOOL_CONVERSION = YES;
				CLANG_WARN_CONSTANT_CONVERSION = YES;
				CLANG_WARN_DIRECT_OBJC_ISA_USAGE = YES_ERROR;
				CLANG_WARN_DOCUMENTATION_COMMENTS = YES;
				CLANG_WARN_EMPTY_BODY = YES;
				CLANG_WARN_ENUM_CONVERSION = YES;
				CLANG_WARN_INFINITE_RECURSION = YES;
				CLANG_WARN_INT_CONVERSION = YES;
				CLANG_WARN_OBJC_ROOT_CLASS = YES_ERROR;
				CLANG_WARN_SUSPICIOUS_MOVE = YES;
				CLANG_WARN_UNREACHABLE_CODE = YES;
				CLANG_WARN__DUPLICATE_METHOD_MATCH = YES;
				"CODE_SIGN_IDENTITY[sdk=iphoneos*]" = "iPhone Developer";
				COPY_PHASE_STRIP = NO;
				DEBUG_INFORMATION_FORMAT = "dwarf-with-dsym";
				ENABLE_NS_ASSERTIONS = NO;
				ENABLE_STRICT_OBJC_MSGSEND = YES;
				GCC_C_LANGUAGE_STANDARD = gnu99;
				GCC_NO_COMMON_BLOCKS = YES;
				GCC_WARN_64_TO_32_BIT_CONVERSION = YES;
				GCC_WARN_ABOUT_RETURN_TYPE = YES_ERROR;
				GCC_WARN_UNDECLARED_SELECTOR = YES;
				GCC_WARN_UNINITIALIZED_AUTOS = YES_AGGRESSIVE;
				GCC_WARN_UNUSED_FUNCTION = YES;
				GCC_WARN_UNUSED_VARIABLE = YES;
				IPHONEOS_DEPLOYMENT_TARGET = 10.3;
				MTL_ENABLE_DEBUG_INFO = NO;
				SDKROOT = iphoneos;
				SWIFT_OPTIMIZATION_LEVEL = "-Owholemodule";
				TARGETED_DEVICE_FAMILY = "1,2";
				VALIDATE_PRODUCT = YES;
			};
			name = Release;
		};
		1E4F43221EF1D94E008580D2 /* Debug */ = {
			isa = XCBuildConfiguration;
			buildSettings = {
				ASSETCATALOG_COMPILER_APPICON_NAME = AppIcon;
				CODE_SIGN_IDENTITY = "iPhone Developer: Alexander Floyd (LCF45EBMU8)";
				"CODE_SIGN_IDENTITY[sdk=iphoneos*]" = "iPhone Developer";
				DEVELOPMENT_TEAM = 4Y9ZD4U6J6;
				ENABLE_BITCODE = NO;
				INFOPLIST_FILE = "Averages Calculator/Info.plist";
				LD_RUNPATH_SEARCH_PATHS = "$(inherited) @executable_path/Frameworks";
				PRODUCT_BUNDLE_IDENTIFIER = "dragonking.Averages-Calculator";
				PRODUCT_NAME = "$(TARGET_NAME)";
				PROVISIONING_PROFILE = "";
				PROVISIONING_PROFILE_SPECIFIER = "";
				SWIFT_VERSION = 3.0;
			};
			name = Debug;
		};
		1E4F43231EF1D94E008580D2 /* Release */ = {
			isa = XCBuildConfiguration;
			buildSettings = {
				ASSETCATALOG_COMPILER_APPICON_NAME = AppIcon;
				CODE_SIGN_IDENTITY = "iPhone Distribution: Alexander Floyd (4Y9ZD4U6J6)";
				"CODE_SIGN_IDENTITY[sdk=iphoneos*]" = "iPhone Developer";
				DEVELOPMENT_TEAM = 4Y9ZD4U6J6;
				ENABLE_BITCODE = NO;
				INFOPLIST_FILE = "Averages Calculator/Info.plist";
				LD_RUNPATH_SEARCH_PATHS = "$(inherited) @executable_path/Frameworks";
				PRODUCT_BUNDLE_IDENTIFIER = "dragonking.Averages-Calculator";
				PRODUCT_NAME = "$(TARGET_NAME)";
				PROVISIONING_PROFILE = "";
				PROVISIONING_PROFILE_SPECIFIER = "";
				SWIFT_VERSION = 3.0;
			};
			name = Release;
		};
		1E4F43251EF1D94E008580D2 /* Debug */ = {
			isa = XCBuildConfiguration;
			buildSettings = {
				ALWAYS_EMBED_SWIFT_STANDARD_LIBRARIES = YES;
				BUNDLE_LOADER = "$(TEST_HOST)";
				INFOPLIST_FILE = "Averages CalculatorTests/Info.plist";
				LD_RUNPATH_SEARCH_PATHS = "$(inherited) @executable_path/Frameworks @loader_path/Frameworks";
				PRODUCT_BUNDLE_IDENTIFIER = "dragonking.Averages-CalculatorTests";
				PRODUCT_NAME = "$(TARGET_NAME)";
				SWIFT_VERSION = 3.0;
				TEST_HOST = "$(BUILT_PRODUCTS_DIR)/Averages Calculator.app/Averages Calculator";
			};
			name = Debug;
		};
		1E4F43261EF1D94E008580D2 /* Release */ = {
			isa = XCBuildConfiguration;
			buildSettings = {
				ALWAYS_EMBED_SWIFT_STANDARD_LIBRARIES = YES;
				BUNDLE_LOADER = "$(TEST_HOST)";
				INFOPLIST_FILE = "Averages CalculatorTests/Info.plist";
				LD_RUNPATH_SEARCH_PATHS = "$(inherited) @executable_path/Frameworks @loader_path/Frameworks";
				PRODUCT_BUNDLE_IDENTIFIER = "dragonking.Averages-CalculatorTests";
				PRODUCT_NAME = "$(TARGET_NAME)";
				SWIFT_VERSION = 3.0;
				TEST_HOST = "$(BUILT_PRODUCTS_DIR)/Averages Calculator.app/Averages Calculator";
			};
			name = Release;
		};
		1E4F43281EF1D94E008580D2 /* Debug */ = {
			isa = XCBuildConfiguration;
			buildSettings = {
				ALWAYS_EMBED_SWIFT_STANDARD_LIBRARIES = YES;
				INFOPLIST_FILE = "Averages CalculatorUITests/Info.plist";
				LD_RUNPATH_SEARCH_PATHS = "$(inherited) @executable_path/Frameworks @loader_path/Frameworks";
				PRODUCT_BUNDLE_IDENTIFIER = "dragonking.Averages-CalculatorUITests";
				PRODUCT_NAME = "$(TARGET_NAME)";
				SWIFT_VERSION = 3.0;
				TEST_TARGET_NAME = "Averages Calculator";
			};
			name = Debug;
		};
		1E4F43291EF1D94E008580D2 /* Release */ = {
			isa = XCBuildConfiguration;
			buildSettings = {
				ALWAYS_EMBED_SWIFT_STANDARD_LIBRARIES = YES;
				INFOPLIST_FILE = "Averages CalculatorUITests/Info.plist";
				LD_RUNPATH_SEARCH_PATHS = "$(inherited) @executable_path/Frameworks @loader_path/Frameworks";
				PRODUCT_BUNDLE_IDENTIFIER = "dragonking.Averages-CalculatorUITests";
				PRODUCT_NAME = "$(TARGET_NAME)";
				SWIFT_VERSION = 3.0;
				TEST_TARGET_NAME = "Averages Calculator";
			};
			name = Release;
		};
/* End XCBuildConfiguration section */

/* Begin XCConfigurationList section */
		1E4F42F41EF1D94D008580D2 /* Build configuration list for PBXProject "Averages Calculator" */ = {
			isa = XCConfigurationList;
			buildConfigurations = (
				1E4F431F1EF1D94E008580D2 /* Debug */,
				1E4F43201EF1D94E008580D2 /* Release */,
			);
			defaultConfigurationIsVisible = 0;
			defaultConfigurationName = Release;
		};
		1E4F43211EF1D94E008580D2 /* Build configuration list for PBXNativeTarget "Averages Calculator" */ = {
			isa = XCConfigurationList;
			buildConfigurations = (
				1E4F43221EF1D94E008580D2 /* Debug */,
				1E4F43231EF1D94E008580D2 /* Release */,
			);
			defaultConfigurationIsVisible = 0;
			defaultConfigurationName = Release;
		};
		1E4F43241EF1D94E008580D2 /* Build configuration list for PBXNativeTarget "Averages CalculatorTests" */ = {
			isa = XCConfigurationList;
			buildConfigurations = (
				1E4F43251EF1D94E008580D2 /* Debug */,
				1E4F43261EF1D94E008580D2 /* Release */,
			);
			defaultConfigurationIsVisible = 0;
			defaultConfigurationName = Release;
		};
		1E4F43271EF1D94E008580D2 /* Build configuration list for PBXNativeTarget "Averages CalculatorUITests" */ = {
			isa = XCConfigurationList;
			buildConfigurations = (
				1E4F43281EF1D94E008580D2 /* Debug */,
				1E4F43291EF1D94E008580D2 /* Release */,
			);
			defaultConfigurationIsVisible = 0;
			defaultConfigurationName = Release;
		};
/* End XCConfigurationList section */
	};
	rootObject = 1E4F42F11EF1D94D008580D2 /* Project object */;
}
